
Microsoft Visual Studio Solution File, Format Version 12.00
# Visual Studio Version 17
VisualStudioVersion = 17.1.32421.90
MinimumVisualStudioVersion = 10.0.40219.1
Project("{FAE04EC0-301F-11D3-BF4B-00C04F79EFBC}") = "parImparOuPrimo", "parImparOuPrimo.csproj", "{0161780B-4882-4C1F-94F4-8C8EFF516F43}"
EndProject
Global
	GlobalSection(SolutionConfigurationPlatforms) = preSolution
		Debug|Any CPU = Debug|Any CPU
		Release|Any CPU = Release|Any CPU
	EndGlobalSection
	GlobalSection(ProjectConfigurationPlatforms) = postSolution
		{0161780B-4882-4C1F-94F4-8C8EFF516F43}.Debug|Any CPU.ActiveCfg = Debug|Any CPU
		{0161780B-4882-4C1F-94F4-8C8EFF516F43}.Debug|Any CPU.Build.0 = Debug|Any CPU
		{0161780B-4882-4C1F-94F4-8C8EFF516F43}.Release|Any CPU.ActiveCfg = Release|Any CPU
		{0161780B-4882-4C1F-94F4-8C8EFF516F43}.Release|Any CPU.Build.0 = Release|Any CPU
	EndGlobalSection
	GlobalSection(SolutionProperties) = preSolution
		HideSolutionNode = FALSE
	EndGlobalSection
	GlobalSection(ExtensibilityGlobals) = postSolution
		SolutionGuid = {886E36E2-56FA-420D-81E6-B1361C0F68AB}
	EndGlobalSection
EndGlobal
