
Microsoft Visual Studio Solution File, Format Version 12.00
# Visual Studio Version 17
VisualStudioVersion = 17.2.32516.85
MinimumVisualStudioVersion = 10.0.40219.1
Project("{FAE04EC0-301F-11D3-BF4B-00C04F79EFBC}") = "exercicioDesafio1", "exercicioDesafio1.csproj", "{1C014EDC-087D-41AD-99BA-59346EBF4F21}"
EndProject
Global
	GlobalSection(SolutionConfigurationPlatforms) = preSolution
		Debug|Any CPU = Debug|Any CPU
		Release|Any CPU = Release|Any CPU
	EndGlobalSection
	GlobalSection(ProjectConfigurationPlatforms) = postSolution
		{1C014EDC-087D-41AD-99BA-59346EBF4F21}.Debug|Any CPU.ActiveCfg = Debug|Any CPU
		{1C014EDC-087D-41AD-99BA-59346EBF4F21}.Debug|Any CPU.Build.0 = Debug|Any CPU
		{1C014EDC-087D-41AD-99BA-59346EBF4F21}.Release|Any CPU.ActiveCfg = Release|Any CPU
		{1C014EDC-087D-41AD-99BA-59346EBF4F21}.Release|Any CPU.Build.0 = Release|Any CPU
	EndGlobalSection
	GlobalSection(SolutionProperties) = preSolution
		HideSolutionNode = FALSE
	EndGlobalSection
	GlobalSection(ExtensibilityGlobals) = postSolution
		SolutionGuid = {20539A77-DDD2-4C0C-A2E0-2B097ACC7782}
	EndGlobalSection
EndGlobal
