
Microsoft Visual Studio Solution File, Format Version 12.00
# Visual Studio Version 17
VisualStudioVersion = 17.2.32516.85
MinimumVisualStudioVersion = 10.0.40219.1
Project("{FAE04EC0-301F-11D3-BF4B-00C04F79EFBC}") = "Drop5_escreverArquivo", "Drop5_escreverArquivo.csproj", "{4EA4D1EB-96F5-412F-8B54-E552A8876382}"
EndProject
Global
	GlobalSection(SolutionConfigurationPlatforms) = preSolution
		Debug|Any CPU = Debug|Any CPU
		Release|Any CPU = Release|Any CPU
	EndGlobalSection
	GlobalSection(ProjectConfigurationPlatforms) = postSolution
		{4EA4D1EB-96F5-412F-8B54-E552A8876382}.Debug|Any CPU.ActiveCfg = Debug|Any CPU
		{4EA4D1EB-96F5-412F-8B54-E552A8876382}.Debug|Any CPU.Build.0 = Debug|Any CPU
		{4EA4D1EB-96F5-412F-8B54-E552A8876382}.Release|Any CPU.ActiveCfg = Release|Any CPU
		{4EA4D1EB-96F5-412F-8B54-E552A8876382}.Release|Any CPU.Build.0 = Release|Any CPU
	EndGlobalSection
	GlobalSection(SolutionProperties) = preSolution
		HideSolutionNode = FALSE
	EndGlobalSection
	GlobalSection(ExtensibilityGlobals) = postSolution
		SolutionGuid = {873D7EE4-EFBF-4276-A611-31474D57A24A}
	EndGlobalSection
EndGlobal
