
Microsoft Visual Studio Solution File, Format Version 12.00
# Visual Studio Version 17
VisualStudioVersion = 17.2.32516.85
MinimumVisualStudioVersion = 10.0.40219.1
Project("{FAE04EC0-301F-11D3-BF4B-00C04F79EFBC}") = "exercicio2_animaisDeEstimacao", "exercicio2_animaisDeEstimacao.csproj", "{5349FC3C-2E84-4AA8-8A38-BCC5E028A9A2}"
EndProject
Global
	GlobalSection(SolutionConfigurationPlatforms) = preSolution
		Debug|Any CPU = Debug|Any CPU
		Release|Any CPU = Release|Any CPU
	EndGlobalSection
	GlobalSection(ProjectConfigurationPlatforms) = postSolution
		{5349FC3C-2E84-4AA8-8A38-BCC5E028A9A2}.Debug|Any CPU.ActiveCfg = Debug|Any CPU
		{5349FC3C-2E84-4AA8-8A38-BCC5E028A9A2}.Debug|Any CPU.Build.0 = Debug|Any CPU
		{5349FC3C-2E84-4AA8-8A38-BCC5E028A9A2}.Release|Any CPU.ActiveCfg = Release|Any CPU
		{5349FC3C-2E84-4AA8-8A38-BCC5E028A9A2}.Release|Any CPU.Build.0 = Release|Any CPU
	EndGlobalSection
	GlobalSection(SolutionProperties) = preSolution
		HideSolutionNode = FALSE
	EndGlobalSection
	GlobalSection(ExtensibilityGlobals) = postSolution
		SolutionGuid = {BAECE4FA-9E2F-41EC-A69C-537F247AB3B2}
	EndGlobalSection
EndGlobal
