
Microsoft Visual Studio Solution File, Format Version 12.00
# Visual Studio Version 17
VisualStudioVersion = 17.1.32421.90
MinimumVisualStudioVersion = 10.0.40219.1
Project("{FAE04EC0-301F-11D3-BF4B-00C04F79EFBC}") = "exerciciosCondicionais", "exerciciosCondicionais.csproj", "{CAD0394E-F9A4-43B7-AEF2-B3D26CEFA614}"
EndProject
Global
	GlobalSection(SolutionConfigurationPlatforms) = preSolution
		Debug|Any CPU = Debug|Any CPU
		Release|Any CPU = Release|Any CPU
	EndGlobalSection
	GlobalSection(ProjectConfigurationPlatforms) = postSolution
		{CAD0394E-F9A4-43B7-AEF2-B3D26CEFA614}.Debug|Any CPU.ActiveCfg = Debug|Any CPU
		{CAD0394E-F9A4-43B7-AEF2-B3D26CEFA614}.Debug|Any CPU.Build.0 = Debug|Any CPU
		{CAD0394E-F9A4-43B7-AEF2-B3D26CEFA614}.Release|Any CPU.ActiveCfg = Release|Any CPU
		{CAD0394E-F9A4-43B7-AEF2-B3D26CEFA614}.Release|Any CPU.Build.0 = Release|Any CPU
	EndGlobalSection
	GlobalSection(SolutionProperties) = preSolution
		HideSolutionNode = FALSE
	EndGlobalSection
	GlobalSection(ExtensibilityGlobals) = postSolution
		SolutionGuid = {81A5F1DE-6248-4991-8EE9-5691F2DB25F5}
	EndGlobalSection
EndGlobal
