
Microsoft Visual Studio Solution File, Format Version 12.00
# Visual Studio Version 17
VisualStudioVersion = 17.2.32516.85
MinimumVisualStudioVersion = 10.0.40219.1
Project("{FAE04EC0-301F-11D3-BF4B-00C04F79EFBC}") = "FormSimplesEBanco", "FormSimplesEBanco.csproj", "{6254A034-2A1F-44DA-BCEA-27AFA0688670}"
EndProject
Global
	GlobalSection(SolutionConfigurationPlatforms) = preSolution
		Debug|Any CPU = Debug|Any CPU
		Release|Any CPU = Release|Any CPU
	EndGlobalSection
	GlobalSection(ProjectConfigurationPlatforms) = postSolution
		{6254A034-2A1F-44DA-BCEA-27AFA0688670}.Debug|Any CPU.ActiveCfg = Debug|Any CPU
		{6254A034-2A1F-44DA-BCEA-27AFA0688670}.Debug|Any CPU.Build.0 = Debug|Any CPU
		{6254A034-2A1F-44DA-BCEA-27AFA0688670}.Release|Any CPU.ActiveCfg = Release|Any CPU
		{6254A034-2A1F-44DA-BCEA-27AFA0688670}.Release|Any CPU.Build.0 = Release|Any CPU
	EndGlobalSection
	GlobalSection(SolutionProperties) = preSolution
		HideSolutionNode = FALSE
	EndGlobalSection
	GlobalSection(ExtensibilityGlobals) = postSolution
		SolutionGuid = {638BE67F-62E4-4EC6-9BE2-FE575339540A}
	EndGlobalSection
EndGlobal
