
Microsoft Visual Studio Solution File, Format Version 12.00
# Visual Studio Version 17
VisualStudioVersion = 17.1.32421.90
MinimumVisualStudioVersion = 10.0.40219.1
Project("{FAE04EC0-301F-11D3-BF4B-00C04F79EFBC}") = "ValidacaoHora", "ValidacaoHora.csproj", "{B44A4257-5122-4EE3-9BBC-7C6A4F98DA23}"
EndProject
Global
	GlobalSection(SolutionConfigurationPlatforms) = preSolution
		Debug|Any CPU = Debug|Any CPU
		Release|Any CPU = Release|Any CPU
	EndGlobalSection
	GlobalSection(ProjectConfigurationPlatforms) = postSolution
		{B44A4257-5122-4EE3-9BBC-7C6A4F98DA23}.Debug|Any CPU.ActiveCfg = Debug|Any CPU
		{B44A4257-5122-4EE3-9BBC-7C6A4F98DA23}.Debug|Any CPU.Build.0 = Debug|Any CPU
		{B44A4257-5122-4EE3-9BBC-7C6A4F98DA23}.Release|Any CPU.ActiveCfg = Release|Any CPU
		{B44A4257-5122-4EE3-9BBC-7C6A4F98DA23}.Release|Any CPU.Build.0 = Release|Any CPU
	EndGlobalSection
	GlobalSection(SolutionProperties) = preSolution
		HideSolutionNode = FALSE
	EndGlobalSection
	GlobalSection(ExtensibilityGlobals) = postSolution
		SolutionGuid = {2DE834C5-8138-4D81-8683-012CBE753F94}
	EndGlobalSection
EndGlobal
