
Microsoft Visual Studio Solution File, Format Version 12.00
# Visual Studio Version 17
VisualStudioVersion = 17.1.32421.90
MinimumVisualStudioVersion = 10.0.40219.1
Project("{FAE04EC0-301F-11D3-BF4B-00C04F79EFBC}") = "exerciciosCondicionais2", "exerciciosCondicionais2.csproj", "{0DE4E3F4-0871-43E0-A7CF-462CADFC038D}"
EndProject
Global
	GlobalSection(SolutionConfigurationPlatforms) = preSolution
		Debug|Any CPU = Debug|Any CPU
		Release|Any CPU = Release|Any CPU
	EndGlobalSection
	GlobalSection(ProjectConfigurationPlatforms) = postSolution
		{0DE4E3F4-0871-43E0-A7CF-462CADFC038D}.Debug|Any CPU.ActiveCfg = Debug|Any CPU
		{0DE4E3F4-0871-43E0-A7CF-462CADFC038D}.Debug|Any CPU.Build.0 = Debug|Any CPU
		{0DE4E3F4-0871-43E0-A7CF-462CADFC038D}.Release|Any CPU.ActiveCfg = Release|Any CPU
		{0DE4E3F4-0871-43E0-A7CF-462CADFC038D}.Release|Any CPU.Build.0 = Release|Any CPU
	EndGlobalSection
	GlobalSection(SolutionProperties) = preSolution
		HideSolutionNode = FALSE
	EndGlobalSection
	GlobalSection(ExtensibilityGlobals) = postSolution
		SolutionGuid = {FB1753C8-52E0-41E3-A92B-FFFD422E76B2}
	EndGlobalSection
EndGlobal
