
Microsoft Visual Studio Solution File, Format Version 12.00
# Visual Studio Version 17
VisualStudioVersion = 17.2.32516.85
MinimumVisualStudioVersion = 10.0.40219.1
Project("{FAE04EC0-301F-11D3-BF4B-00C04F79EFBC}") = "exerciciosDesafio5-divisiveisPor11", "exerciciosDesafio5-divisiveisPor11.csproj", "{F9354A35-35F6-44D1-A3F0-DE3E3AE563B2}"
EndProject
Global
	GlobalSection(SolutionConfigurationPlatforms) = preSolution
		Debug|Any CPU = Debug|Any CPU
		Release|Any CPU = Release|Any CPU
	EndGlobalSection
	GlobalSection(ProjectConfigurationPlatforms) = postSolution
		{F9354A35-35F6-44D1-A3F0-DE3E3AE563B2}.Debug|Any CPU.ActiveCfg = Debug|Any CPU
		{F9354A35-35F6-44D1-A3F0-DE3E3AE563B2}.Debug|Any CPU.Build.0 = Debug|Any CPU
		{F9354A35-35F6-44D1-A3F0-DE3E3AE563B2}.Release|Any CPU.ActiveCfg = Release|Any CPU
		{F9354A35-35F6-44D1-A3F0-DE3E3AE563B2}.Release|Any CPU.Build.0 = Release|Any CPU
	EndGlobalSection
	GlobalSection(SolutionProperties) = preSolution
		HideSolutionNode = FALSE
	EndGlobalSection
	GlobalSection(ExtensibilityGlobals) = postSolution
		SolutionGuid = {F2AD07E7-77AF-4614-8E14-1959F806BB74}
	EndGlobalSection
EndGlobal
