
Microsoft Visual Studio Solution File, Format Version 12.00
# Visual Studio Version 17
VisualStudioVersion = 17.2.32516.85
MinimumVisualStudioVersion = 10.0.40219.1
Project("{FAE04EC0-301F-11D3-BF4B-00C04F79EFBC}") = "repeticao16-multiplicaoPorTres", "repeticao16-multiplicaoPorTres.csproj", "{E19FF508-6598-44FD-9C14-3ED539D90324}"
EndProject
Global
	GlobalSection(SolutionConfigurationPlatforms) = preSolution
		Debug|Any CPU = Debug|Any CPU
		Release|Any CPU = Release|Any CPU
	EndGlobalSection
	GlobalSection(ProjectConfigurationPlatforms) = postSolution
		{E19FF508-6598-44FD-9C14-3ED539D90324}.Debug|Any CPU.ActiveCfg = Debug|Any CPU
		{E19FF508-6598-44FD-9C14-3ED539D90324}.Debug|Any CPU.Build.0 = Debug|Any CPU
		{E19FF508-6598-44FD-9C14-3ED539D90324}.Release|Any CPU.ActiveCfg = Release|Any CPU
		{E19FF508-6598-44FD-9C14-3ED539D90324}.Release|Any CPU.Build.0 = Release|Any CPU
	EndGlobalSection
	GlobalSection(SolutionProperties) = preSolution
		HideSolutionNode = FALSE
	EndGlobalSection
	GlobalSection(ExtensibilityGlobals) = postSolution
		SolutionGuid = {4318ABE0-9FAB-42DC-80E9-775857B176CF}
	EndGlobalSection
EndGlobal
