
Microsoft Visual Studio Solution File, Format Version 12.00
# Visual Studio Version 17
VisualStudioVersion = 17.1.32421.90
MinimumVisualStudioVersion = 10.0.40219.1
Project("{FAE04EC0-301F-11D3-BF4B-00C04F79EFBC}") = "BonusSalarioTTdeVendas", "BonusSalarioTTdeVendas.csproj", "{0104FB40-ED5D-4740-9A77-16E752DA2AE0}"
EndProject
Global
	GlobalSection(SolutionConfigurationPlatforms) = preSolution
		Debug|Any CPU = Debug|Any CPU
		Release|Any CPU = Release|Any CPU
	EndGlobalSection
	GlobalSection(ProjectConfigurationPlatforms) = postSolution
		{0104FB40-ED5D-4740-9A77-16E752DA2AE0}.Debug|Any CPU.ActiveCfg = Debug|Any CPU
		{0104FB40-ED5D-4740-9A77-16E752DA2AE0}.Debug|Any CPU.Build.0 = Debug|Any CPU
		{0104FB40-ED5D-4740-9A77-16E752DA2AE0}.Release|Any CPU.ActiveCfg = Release|Any CPU
		{0104FB40-ED5D-4740-9A77-16E752DA2AE0}.Release|Any CPU.Build.0 = Release|Any CPU
	EndGlobalSection
	GlobalSection(SolutionProperties) = preSolution
		HideSolutionNode = FALSE
	EndGlobalSection
	GlobalSection(ExtensibilityGlobals) = postSolution
		SolutionGuid = {96BCDE26-24A4-4AA8-954C-2D3189AAA944}
	EndGlobalSection
EndGlobal
