
Microsoft Visual Studio Solution File, Format Version 12.00
# Visual Studio Version 17
VisualStudioVersion = 17.1.32421.90
MinimumVisualStudioVersion = 10.0.40219.1
Project("{FAE04EC0-301F-11D3-BF4B-00C04F79EFBC}") = "verificarIdade", "verificarIdade.csproj", "{BE2C8413-C157-4285-9DF3-C2A111273DEC}"
EndProject
Global
	GlobalSection(SolutionConfigurationPlatforms) = preSolution
		Debug|Any CPU = Debug|Any CPU
		Release|Any CPU = Release|Any CPU
	EndGlobalSection
	GlobalSection(ProjectConfigurationPlatforms) = postSolution
		{BE2C8413-C157-4285-9DF3-C2A111273DEC}.Debug|Any CPU.ActiveCfg = Debug|Any CPU
		{BE2C8413-C157-4285-9DF3-C2A111273DEC}.Debug|Any CPU.Build.0 = Debug|Any CPU
		{BE2C8413-C157-4285-9DF3-C2A111273DEC}.Release|Any CPU.ActiveCfg = Release|Any CPU
		{BE2C8413-C157-4285-9DF3-C2A111273DEC}.Release|Any CPU.Build.0 = Release|Any CPU
	EndGlobalSection
	GlobalSection(SolutionProperties) = preSolution
		HideSolutionNode = FALSE
	EndGlobalSection
	GlobalSection(ExtensibilityGlobals) = postSolution
		SolutionGuid = {61CEF93B-1342-4757-916B-BF5159AA8BEB}
	EndGlobalSection
EndGlobal
